
Microsoft Visual Studio Solution File, Format Version 12.00
# Visual Studio Version 17
VisualStudioVersion = 17.5.33414.496
MinimumVisualStudioVersion = 10.0.40219.1
Project("{FAE04EC0-301F-11D3-BF4B-00C04F79EFBC}") = "ConsoleApp2", "ConsoleApp2\ConsoleApp2.csproj", "{F36AB712-A47D-4F85-A624-24E000A2AAE7}"
EndProject
Global
	GlobalSection(SolutionConfigurationPlatforms) = preSolution
		Debug|Any CPU = Debug|Any CPU
		Release|Any CPU = Release|Any CPU
	EndGlobalSection
	GlobalSection(ProjectConfigurationPlatforms) = postSolution
		{F36AB712-A47D-4F85-A624-24E000A2AAE7}.Debug|Any CPU.ActiveCfg = Debug|Any CPU
		{F36AB712-A47D-4F85-A624-24E000A2AAE7}.Debug|Any CPU.Build.0 = Debug|Any CPU
		{F36AB712-A47D-4F85-A624-24E000A2AAE7}.Release|Any CPU.ActiveCfg = Release|Any CPU
		{F36AB712-A47D-4F85-A624-24E000A2AAE7}.Release|Any CPU.Build.0 = Release|Any CPU
	EndGlobalSection
	GlobalSection(SolutionProperties) = preSolution
		HideSolutionNode = FALSE
	EndGlobalSection
	GlobalSection(ExtensibilityGlobals) = postSolution
		SolutionGuid = {2669CA74-D105-4620-BFC0-4BD7892A2E72}
	EndGlobalSection
EndGlobal
